
Microsoft Visual Studio Solution File, Format Version 12.00
# Visual Studio Version 16
VisualStudioVersion = 16.0.29709.97
MinimumVisualStudioVersion = 10.0.40219.1
Project("{FAE04EC0-301F-11D3-BF4B-00C04F79EFBC}") = "GMapProyect", "GMapProyect\GMapProyect.csproj", "{F61716D6-8FE7-428A-8535-885524795CE2}"
	ProjectSection(ProjectDependencies) = postProject
		{9210FD49-ECAC-420F-A41E-C7F7AEB57243} = {9210FD49-ECAC-420F-A41E-C7F7AEB57243}
	EndProjectSection
EndProject
Project("{FAE04EC0-301F-11D3-BF4B-00C04F79EFBC}") = "model", "model\model.csproj", "{9210FD49-ECAC-420F-A41E-C7F7AEB57243}"
EndProject
Global
	GlobalSection(SolutionConfigurationPlatforms) = preSolution
		Debug|Any CPU = Debug|Any CPU
		Release|Any CPU = Release|Any CPU
	EndGlobalSection
	GlobalSection(ProjectConfigurationPlatforms) = postSolution
		{F61716D6-8FE7-428A-8535-885524795CE2}.Debug|Any CPU.ActiveCfg = Debug|Any CPU
		{F61716D6-8FE7-428A-8535-885524795CE2}.Debug|Any CPU.Build.0 = Debug|Any CPU
		{F61716D6-8FE7-428A-8535-885524795CE2}.Release|Any CPU.ActiveCfg = Release|Any CPU
		{F61716D6-8FE7-428A-8535-885524795CE2}.Release|Any CPU.Build.0 = Release|Any CPU
		{9210FD49-ECAC-420F-A41E-C7F7AEB57243}.Debug|Any CPU.ActiveCfg = Debug|Any CPU
		{9210FD49-ECAC-420F-A41E-C7F7AEB57243}.Debug|Any CPU.Build.0 = Debug|Any CPU
		{9210FD49-ECAC-420F-A41E-C7F7AEB57243}.Release|Any CPU.ActiveCfg = Release|Any CPU
		{9210FD49-ECAC-420F-A41E-C7F7AEB57243}.Release|Any CPU.Build.0 = Release|Any CPU
	EndGlobalSection
	GlobalSection(SolutionProperties) = preSolution
		HideSolutionNode = FALSE
	EndGlobalSection
	GlobalSection(ExtensibilityGlobals) = postSolution
		SolutionGuid = {FA80692D-4CB2-4C91-B080-DD88E66C2709}
	EndGlobalSection
EndGlobal
